<?xml version="1.0" encoding="utf-8"?>
<Project ToolsVersion="4.0" xmlns="http://schemas.microsoft.com/developer/msbuild/2003">
  <ItemGroup>
    <Filter Include="Renderer">
      <UniqueIdentifier>{27483f87-b97b-4e19-9aa4-db7121c26f6d}</UniqueIdentifier>
    </Filter>
    <Filter Include="Math">
      <UniqueIdentifier>{499df65a-25aa-474c-8006-712c0a719160}</UniqueIdentifier>
    </Filter>
    <Filter Include="Shaders">
      <UniqueIdentifier>{25ed8aef-c286-471c-a367-7ea5c289637e}</UniqueIdentifier>
    </Filter>
    <Filter Include="IO">
      <UniqueIdentifier>{cdfc0ade-8aab-492a-ab92-f355f178a079}</UniqueIdentifier>
    </Filter>
  </ItemGroup>
  <ItemGroup>
    <ClCompile Include="Src\Main.cpp" />
    <ClCompile Include="Src\Renderer\Camera.cpp">
      <Filter>Renderer</Filter>
    </ClCompile>
    <ClCompile Include="Src\Math\Matrix4.cpp">
      <Filter>Math</Filter>
    </ClCompile>
    <ClCompile Include="Src\Math\Vector3.cpp">
      <Filter>Math</Filter>
    </ClCompile>
    <ClCompile Include="Src\Math\Vector4.cpp">
      <Filter>Math</Filter>
    </ClCompile>
    <ClCompile Include="Src\Renderer\Material.cpp">
      <Filter>Renderer</Filter>
    </ClCompile>
    <ClCompile Include="Src\Renderer\Texture.cpp">
      <Filter>Renderer</Filter>
    </ClCompile>
    <ClCompile Include="Src\Math\Vector2.cpp">
      <Filter>Math</Filter>
    </ClCompile>
    <ClCompile Include="Src\Renderer\Mesh.cpp">
      <Filter>Renderer</Filter>
    </ClCompile>
    <ClCompile Include="Src\Renderer\VertexGroup.cpp">
      <Filter>Renderer</Filter>
    </ClCompile>
    <ClCompile Include="Src\Renderer\MaterialGroup.cpp">
      <Filter>Renderer</Filter>
    </ClCompile>
  </ItemGroup>
  <ItemGroup>
    <ClInclude Include="Src\Renderer\Camera.h">
      <Filter>Renderer</Filter>
    </ClInclude>
    <ClInclude Include="Src\Math\Matrix.h">
      <Filter>Math</Filter>
    </ClInclude>
    <ClInclude Include="Src\Math\Vector.h">
      <Filter>Math</Filter>
    </ClInclude>
    <ClInclude Include="Src\Math\Math.h">
      <Filter>Math</Filter>
    </ClInclude>
    <ClInclude Include="Src\Headers.h" />
    <ClInclude Include="Src\Renderer\Material.h">
      <Filter>Renderer</Filter>
    </ClInclude>
    <ClInclude Include="Src\Renderer\Texture.h">
      <Filter>Renderer</Filter>
    </ClInclude>
    <ClInclude Include="Src\IO\FileReader.h">
      <Filter>IO</Filter>
    </ClInclude>
    <ClInclude Include="Src\IO\Wavefront.h">
      <Filter>IO</Filter>
    </ClInclude>
    <ClInclude Include="Src\Renderer\Mesh.h">
      <Filter>Renderer</Filter>
    </ClInclude>
    <ClInclude Include="Src\Renderer\Model.h">
      <Filter>Renderer</Filter>
    </ClInclude>
    <ClInclude Include="Src\Renderer\MaterialGroup.h">
      <Filter>Renderer</Filter>
    </ClInclude>
    <ClInclude Include="Src\Renderer\VertexGroup.h">
      <Filter>Renderer</Filter>
    </ClInclude>
    <ClInclude Include="Src\Tuple.h" />
  </ItemGroup>
  <ItemGroup>
    <None Include="Shaders\Hello.frag.glsl">
      <Filter>Shaders</Filter>
    </None>
    <None Include="Shaders\Hello.vert.glsl">
      <Filter>Shaders</Filter>
    </None>
  </ItemGroup>
</Project>