<?xml version="1.0" encoding="utf-8"?>
<Project ToolsVersion="4.0" xmlns="http://schemas.microsoft.com/developer/msbuild/2003">
  <ItemGroup>
    <ClInclude Include="DarwinLib\Math\Math.h">
      <Filter>Math</Filter>
    </ClInclude>
    <ClInclude Include="DarwinLib\Math\Matrix.h">
      <Filter>Math</Filter>
    </ClInclude>
    <ClInclude Include="DarwinLib\Math\Vector.h">
      <Filter>Math</Filter>
    </ClInclude>
    <ClInclude Include="DarwinLib\DarwinLib.h" />
  </ItemGroup>
  <ItemGroup>
    <ClCompile Include="DarwinLib\Math\Matrix4.cpp">
      <Filter>Math</Filter>
    </ClCompile>
    <ClCompile Include="DarwinLib\Math\Vector2.cpp">
      <Filter>Math</Filter>
    </ClCompile>
    <ClCompile Include="DarwinLib\Math\Vector3.cpp">
      <Filter>Math</Filter>
    </ClCompile>
    <ClCompile Include="DarwinLib\Math\Vector4.cpp">
      <Filter>Math</Filter>
    </ClCompile>
  </ItemGroup>
  <ItemGroup>
    <Filter Include="Math">
      <UniqueIdentifier>{c0291a17-5b39-414f-8d99-1e9ce26e110a}</UniqueIdentifier>
    </Filter>
  </ItemGroup>
</Project>