
Microsoft Visual Studio Solution File, Format Version 12.00
# Visual Studio 2012
Project("{8BC9CEB8-8B4A-11D0-8D11-00A0C91BC942}") = "DarwinBase", "DarwinBase.vcxproj", "{86F1CFAE-5B20-415B-8DD9-7B415D647703}"
	ProjectSection(ProjectDependencies) = postProject
		{D1C528B6-AA02-4D29-9D61-DC08E317A70D} = {D1C528B6-AA02-4D29-9D61-DC08E317A70D}
	EndProjectSection
EndProject
Project("{8BC9CEB8-8B4A-11D0-8D11-00A0C91BC942}") = "DarwinLib", "DarwinLib.vcxproj", "{A0D68506-5DA4-434B-9D1E-A80BDBAB34B3}"
	ProjectSection(ProjectDependencies) = postProject
		{D1C528B6-AA02-4D29-9D61-DC08E317A70D} = {D1C528B6-AA02-4D29-9D61-DC08E317A70D}
	EndProjectSection
EndProject
Project("{8BC9CEB8-8B4A-11D0-8D11-00A0C91BC942}") = "libktx", "..\Externals\ktx20\build\vc9\libktx\libktx.vcxproj", "{133E3583-502F-42ED-8134-273E9AC3F087}"
EndProject
Project("{8BC9CEB8-8B4A-11D0-8D11-00A0C91BC942}") = "tinyxml2", "..\Externals\tinyxml2\tinyxml2\tinyxml2.vcxproj", "{D1C528B6-AA02-4D29-9D61-DC08E317A70D}"
EndProject
Global
	GlobalSection(SolutionConfigurationPlatforms) = preSolution
		Debug GL|Win32 = Debug GL|Win32
		Debug GLES1|Win32 = Debug GLES1|Win32
		Debug GLES2|Win32 = Debug GLES2|Win32
		Debug GLES3|Win32 = Debug GLES3|Win32
		Debug|Win32 = Debug|Win32
		Release GL|Win32 = Release GL|Win32
		Release GLES1|Win32 = Release GLES1|Win32
		Release GLES2|Win32 = Release GLES2|Win32
		Release GLES3|Win32 = Release GLES3|Win32
		Release|Win32 = Release|Win32
	EndGlobalSection
	GlobalSection(ProjectConfigurationPlatforms) = postSolution
		{86F1CFAE-5B20-415B-8DD9-7B415D647703}.Debug GL|Win32.ActiveCfg = Debug|Win32
		{86F1CFAE-5B20-415B-8DD9-7B415D647703}.Debug GL|Win32.Build.0 = Debug|Win32
		{86F1CFAE-5B20-415B-8DD9-7B415D647703}.Debug GLES1|Win32.ActiveCfg = Debug|Win32
		{86F1CFAE-5B20-415B-8DD9-7B415D647703}.Debug GLES1|Win32.Build.0 = Debug|Win32
		{86F1CFAE-5B20-415B-8DD9-7B415D647703}.Debug GLES2|Win32.ActiveCfg = Debug|Win32
		{86F1CFAE-5B20-415B-8DD9-7B415D647703}.Debug GLES2|Win32.Build.0 = Debug|Win32
		{86F1CFAE-5B20-415B-8DD9-7B415D647703}.Debug GLES3|Win32.ActiveCfg = Debug|Win32
		{86F1CFAE-5B20-415B-8DD9-7B415D647703}.Debug GLES3|Win32.Build.0 = Debug|Win32
		{86F1CFAE-5B20-415B-8DD9-7B415D647703}.Debug|Win32.ActiveCfg = Debug|Win32
		{86F1CFAE-5B20-415B-8DD9-7B415D647703}.Debug|Win32.Build.0 = Debug|Win32
		{86F1CFAE-5B20-415B-8DD9-7B415D647703}.Release GL|Win32.ActiveCfg = Release|Win32
		{86F1CFAE-5B20-415B-8DD9-7B415D647703}.Release GL|Win32.Build.0 = Release|Win32
		{86F1CFAE-5B20-415B-8DD9-7B415D647703}.Release GLES1|Win32.ActiveCfg = Release|Win32
		{86F1CFAE-5B20-415B-8DD9-7B415D647703}.Release GLES1|Win32.Build.0 = Release|Win32
		{86F1CFAE-5B20-415B-8DD9-7B415D647703}.Release GLES2|Win32.ActiveCfg = Release|Win32
		{86F1CFAE-5B20-415B-8DD9-7B415D647703}.Release GLES2|Win32.Build.0 = Release|Win32
		{86F1CFAE-5B20-415B-8DD9-7B415D647703}.Release GLES3|Win32.ActiveCfg = Release|Win32
		{86F1CFAE-5B20-415B-8DD9-7B415D647703}.Release GLES3|Win32.Build.0 = Release|Win32
		{86F1CFAE-5B20-415B-8DD9-7B415D647703}.Release|Win32.ActiveCfg = Release|Win32
		{86F1CFAE-5B20-415B-8DD9-7B415D647703}.Release|Win32.Build.0 = Release|Win32
		{A0D68506-5DA4-434B-9D1E-A80BDBAB34B3}.Debug GL|Win32.ActiveCfg = Debug|Win32
		{A0D68506-5DA4-434B-9D1E-A80BDBAB34B3}.Debug GL|Win32.Build.0 = Debug|Win32
		{A0D68506-5DA4-434B-9D1E-A80BDBAB34B3}.Debug GLES1|Win32.ActiveCfg = Debug|Win32
		{A0D68506-5DA4-434B-9D1E-A80BDBAB34B3}.Debug GLES1|Win32.Build.0 = Debug|Win32
		{A0D68506-5DA4-434B-9D1E-A80BDBAB34B3}.Debug GLES2|Win32.ActiveCfg = Debug|Win32
		{A0D68506-5DA4-434B-9D1E-A80BDBAB34B3}.Debug GLES2|Win32.Build.0 = Debug|Win32
		{A0D68506-5DA4-434B-9D1E-A80BDBAB34B3}.Debug GLES3|Win32.ActiveCfg = Debug|Win32
		{A0D68506-5DA4-434B-9D1E-A80BDBAB34B3}.Debug GLES3|Win32.Build.0 = Debug|Win32
		{A0D68506-5DA4-434B-9D1E-A80BDBAB34B3}.Debug|Win32.ActiveCfg = Debug|Win32
		{A0D68506-5DA4-434B-9D1E-A80BDBAB34B3}.Debug|Win32.Build.0 = Debug|Win32
		{A0D68506-5DA4-434B-9D1E-A80BDBAB34B3}.Release GL|Win32.ActiveCfg = Release|Win32
		{A0D68506-5DA4-434B-9D1E-A80BDBAB34B3}.Release GL|Win32.Build.0 = Release|Win32
		{A0D68506-5DA4-434B-9D1E-A80BDBAB34B3}.Release GLES1|Win32.ActiveCfg = Release|Win32
		{A0D68506-5DA4-434B-9D1E-A80BDBAB34B3}.Release GLES1|Win32.Build.0 = Release|Win32
		{A0D68506-5DA4-434B-9D1E-A80BDBAB34B3}.Release GLES2|Win32.ActiveCfg = Release|Win32
		{A0D68506-5DA4-434B-9D1E-A80BDBAB34B3}.Release GLES2|Win32.Build.0 = Release|Win32
		{A0D68506-5DA4-434B-9D1E-A80BDBAB34B3}.Release GLES3|Win32.ActiveCfg = Release|Win32
		{A0D68506-5DA4-434B-9D1E-A80BDBAB34B3}.Release GLES3|Win32.Build.0 = Release|Win32
		{A0D68506-5DA4-434B-9D1E-A80BDBAB34B3}.Release|Win32.ActiveCfg = Release|Win32
		{A0D68506-5DA4-434B-9D1E-A80BDBAB34B3}.Release|Win32.Build.0 = Release|Win32
		{133E3583-502F-42ED-8134-273E9AC3F087}.Debug GL|Win32.ActiveCfg = Debug GL|Win32
		{133E3583-502F-42ED-8134-273E9AC3F087}.Debug GL|Win32.Build.0 = Debug GL|Win32
		{133E3583-502F-42ED-8134-273E9AC3F087}.Debug GLES1|Win32.ActiveCfg = Debug GLES1|Win32
		{133E3583-502F-42ED-8134-273E9AC3F087}.Debug GLES1|Win32.Build.0 = Debug GLES1|Win32
		{133E3583-502F-42ED-8134-273E9AC3F087}.Debug GLES2|Win32.ActiveCfg = Debug GLES2|Win32
		{133E3583-502F-42ED-8134-273E9AC3F087}.Debug GLES2|Win32.Build.0 = Debug GLES2|Win32
		{133E3583-502F-42ED-8134-273E9AC3F087}.Debug GLES3|Win32.ActiveCfg = Debug GLES3|Win32
		{133E3583-502F-42ED-8134-273E9AC3F087}.Debug GLES3|Win32.Build.0 = Debug GLES3|Win32
		{133E3583-502F-42ED-8134-273E9AC3F087}.Debug|Win32.ActiveCfg = Debug GL|Win32
		{133E3583-502F-42ED-8134-273E9AC3F087}.Debug|Win32.Build.0 = Debug GL|Win32
		{133E3583-502F-42ED-8134-273E9AC3F087}.Release GL|Win32.ActiveCfg = Release GL|Win32
		{133E3583-502F-42ED-8134-273E9AC3F087}.Release GL|Win32.Build.0 = Release GL|Win32
		{133E3583-502F-42ED-8134-273E9AC3F087}.Release GLES1|Win32.ActiveCfg = Release GLES1|Win32
		{133E3583-502F-42ED-8134-273E9AC3F087}.Release GLES1|Win32.Build.0 = Release GLES1|Win32
		{133E3583-502F-42ED-8134-273E9AC3F087}.Release GLES2|Win32.ActiveCfg = Release GLES2|Win32
		{133E3583-502F-42ED-8134-273E9AC3F087}.Release GLES2|Win32.Build.0 = Release GLES2|Win32
		{133E3583-502F-42ED-8134-273E9AC3F087}.Release GLES3|Win32.ActiveCfg = Release GLES3|Win32
		{133E3583-502F-42ED-8134-273E9AC3F087}.Release GLES3|Win32.Build.0 = Release GLES3|Win32
		{133E3583-502F-42ED-8134-273E9AC3F087}.Release|Win32.ActiveCfg = Release GL|Win32
		{133E3583-502F-42ED-8134-273E9AC3F087}.Release|Win32.Build.0 = Release GL|Win32
		{D1C528B6-AA02-4D29-9D61-DC08E317A70D}.Debug GL|Win32.ActiveCfg = Debug|Win32
		{D1C528B6-AA02-4D29-9D61-DC08E317A70D}.Debug GL|Win32.Build.0 = Debug|Win32
		{D1C528B6-AA02-4D29-9D61-DC08E317A70D}.Debug GLES1|Win32.ActiveCfg = Debug|Win32
		{D1C528B6-AA02-4D29-9D61-DC08E317A70D}.Debug GLES1|Win32.Build.0 = Debug|Win32
		{D1C528B6-AA02-4D29-9D61-DC08E317A70D}.Debug GLES2|Win32.ActiveCfg = Debug|Win32
		{D1C528B6-AA02-4D29-9D61-DC08E317A70D}.Debug GLES2|Win32.Build.0 = Debug|Win32
		{D1C528B6-AA02-4D29-9D61-DC08E317A70D}.Debug GLES3|Win32.ActiveCfg = Debug|Win32
		{D1C528B6-AA02-4D29-9D61-DC08E317A70D}.Debug GLES3|Win32.Build.0 = Debug|Win32
		{D1C528B6-AA02-4D29-9D61-DC08E317A70D}.Debug|Win32.ActiveCfg = Debug|Win32
		{D1C528B6-AA02-4D29-9D61-DC08E317A70D}.Debug|Win32.Build.0 = Debug|Win32
		{D1C528B6-AA02-4D29-9D61-DC08E317A70D}.Release GL|Win32.ActiveCfg = Release|Win32
		{D1C528B6-AA02-4D29-9D61-DC08E317A70D}.Release GL|Win32.Build.0 = Release|Win32
		{D1C528B6-AA02-4D29-9D61-DC08E317A70D}.Release GLES1|Win32.ActiveCfg = Release|Win32
		{D1C528B6-AA02-4D29-9D61-DC08E317A70D}.Release GLES1|Win32.Build.0 = Release|Win32
		{D1C528B6-AA02-4D29-9D61-DC08E317A70D}.Release GLES2|Win32.ActiveCfg = Release|Win32
		{D1C528B6-AA02-4D29-9D61-DC08E317A70D}.Release GLES2|Win32.Build.0 = Release|Win32
		{D1C528B6-AA02-4D29-9D61-DC08E317A70D}.Release GLES3|Win32.ActiveCfg = Release|Win32
		{D1C528B6-AA02-4D29-9D61-DC08E317A70D}.Release GLES3|Win32.Build.0 = Release|Win32
		{D1C528B6-AA02-4D29-9D61-DC08E317A70D}.Release|Win32.ActiveCfg = Release|Win32
		{D1C528B6-AA02-4D29-9D61-DC08E317A70D}.Release|Win32.Build.0 = Release|Win32
	EndGlobalSection
	GlobalSection(SolutionProperties) = preSolution
		HideSolutionNode = FALSE
	EndGlobalSection
EndGlobal
