<?xml version="1.0" encoding="utf-8"?>
<Project ToolsVersion="4.0" xmlns="http://schemas.microsoft.com/developer/msbuild/2003">
  <ItemGroup>
    <Filter Include="I/O">
      <UniqueIdentifier>{5feff457-901e-4547-b924-612dfd323a1c}</UniqueIdentifier>
    </Filter>
    <Filter Include="Renderer">
      <UniqueIdentifier>{0517b7ee-e670-415c-9da6-565c6f8dbc37}</UniqueIdentifier>
    </Filter>
    <Filter Include="Shaders">
      <UniqueIdentifier>{4ae49b89-8102-47e6-a994-39e9c3d3c5da}</UniqueIdentifier>
    </Filter>
  </ItemGroup>
  <ItemGroup>
    <ClInclude Include="DarwinBase\IO\FileReader.h">
      <Filter>I/O</Filter>
    </ClInclude>
    <ClInclude Include="DarwinBase\IO\Wavefront.h">
      <Filter>I/O</Filter>
    </ClInclude>
    <ClInclude Include="DarwinBase\Renderer\Camera.h">
      <Filter>Renderer</Filter>
    </ClInclude>
    <ClInclude Include="DarwinBase\Renderer\Material.h">
      <Filter>Renderer</Filter>
    </ClInclude>
    <ClInclude Include="DarwinBase\Renderer\Model.h">
      <Filter>Renderer</Filter>
    </ClInclude>
    <ClInclude Include="DarwinBase\Renderer\Texture.h">
      <Filter>Renderer</Filter>
    </ClInclude>
    <ClInclude Include="DarwinBase\Renderer\Vertex.h">
      <Filter>Renderer</Filter>
    </ClInclude>
    <ClInclude Include="DarwinBase\Headers.h" />
    <ClInclude Include="DarwinBase\IO\Truevision.h">
      <Filter>I/O</Filter>
    </ClInclude>
  </ItemGroup>
  <ItemGroup>
    <ClCompile Include="DarwinBase\Renderer\Camera.cpp">
      <Filter>Renderer</Filter>
    </ClCompile>
    <ClCompile Include="DarwinBase\Renderer\Material.cpp">
      <Filter>Renderer</Filter>
    </ClCompile>
    <ClCompile Include="DarwinBase\Renderer\Texture.cpp">
      <Filter>Renderer</Filter>
    </ClCompile>
    <ClCompile Include="DarwinBase\Main.cpp" />
    <ClCompile Include="DarwinBase\Renderer\Model.cpp">
      <Filter>Renderer</Filter>
    </ClCompile>
  </ItemGroup>
  <ItemGroup>
    <None Include="Build\Data\Shaders\ForwardPhong.vert.glsl">
      <Filter>Shaders</Filter>
    </None>
    <None Include="Build\Data\Shaders\ForwardPhong.frag.glsl">
      <Filter>Shaders</Filter>
    </None>
    <None Include="Build\Data\Shaders\DeferredGeometryPass.frag.glsl">
      <Filter>Shaders</Filter>
    </None>
    <None Include="Build\Data\Shaders\DeferredGeometryPass.vert.glsl">
      <Filter>Shaders</Filter>
    </None>
    <None Include="Build\Data\Shaders\DeferredLightingPass.frag.glsl">
      <Filter>Shaders</Filter>
    </None>
    <None Include="Build\Data\Shaders\DeferredLightingPass.vert.glsl">
      <Filter>Shaders</Filter>
    </None>
  </ItemGroup>
</Project>